
Microsoft Visual Studio Solution File, Format Version 12.00
# Visual Studio Version 16
VisualStudioVersion = 16.0.33027.164
MinimumVisualStudioVersion = 10.0.40219.1
Project("{FAE04EC0-301F-11D3-BF4B-00C04F79EFBC}") = "TP-06-ExamenationSystem", "TP-06-ExamenationSystem\TP-06-ExamenationSystem.csproj", "{8758617B-5931-4E8B-87EB-E22B89FA749D}"
EndProject
Global
	GlobalSection(SolutionConfigurationPlatforms) = preSolution
		Debug|Any CPU = Debug|Any CPU
		Release|Any CPU = Release|Any CPU
	EndGlobalSection
	GlobalSection(ProjectConfigurationPlatforms) = postSolution
		{8758617B-5931-4E8B-87EB-E22B89FA749D}.Debug|Any CPU.ActiveCfg = Debug|Any CPU
		{8758617B-5931-4E8B-87EB-E22B89FA749D}.Debug|Any CPU.Build.0 = Debug|Any CPU
		{8758617B-5931-4E8B-87EB-E22B89FA749D}.Release|Any CPU.ActiveCfg = Release|Any CPU
		{8758617B-5931-4E8B-87EB-E22B89FA749D}.Release|Any CPU.Build.0 = Release|Any CPU
	EndGlobalSection
	GlobalSection(SolutionProperties) = preSolution
		HideSolutionNode = FALSE
	EndGlobalSection
	GlobalSection(ExtensibilityGlobals) = postSolution
		SolutionGuid = {966E2EB2-3E51-4B02-9533-CE7FD0ECA3BD}
	EndGlobalSection
EndGlobal
